
Microsoft Visual Studio Solution File, Format Version 12.00
# Visual Studio Version 16
VisualStudioVersion = 16.0.29911.84
MinimumVisualStudioVersion = 10.0.40219.1
Project("{FAE04EC0-301F-11D3-BF4B-00C04F79EFBC}") = "SomeSuperheroes", "SomeSuperheroes\SomeSuperheroes.csproj", "{65EA76D9-DAD7-4AD4-B725-5CDC3C461CF6}"
EndProject
Global
	GlobalSection(SolutionConfigurationPlatforms) = preSolution
		Debug|Any CPU = Debug|Any CPU
		Release|Any CPU = Release|Any CPU
	EndGlobalSection
	GlobalSection(ProjectConfigurationPlatforms) = postSolution
		{65EA76D9-DAD7-4AD4-B725-5CDC3C461CF6}.Debug|Any CPU.ActiveCfg = Debug|Any CPU
		{65EA76D9-DAD7-4AD4-B725-5CDC3C461CF6}.Debug|Any CPU.Build.0 = Debug|Any CPU
		{65EA76D9-DAD7-4AD4-B725-5CDC3C461CF6}.Release|Any CPU.ActiveCfg = Release|Any CPU
		{65EA76D9-DAD7-4AD4-B725-5CDC3C461CF6}.Release|Any CPU.Build.0 = Release|Any CPU
	EndGlobalSection
	GlobalSection(SolutionProperties) = preSolution
		HideSolutionNode = FALSE
	EndGlobalSection
	GlobalSection(ExtensibilityGlobals) = postSolution
		SolutionGuid = {88AB91FD-C4E1-4B5A-932C-EECE40A22A86}
	EndGlobalSection
EndGlobal
